
Microsoft Visual Studio Solution File, Format Version 12.00
# Visual Studio Version 17
VisualStudioVersion = 17.0.31903.59
MinimumVisualStudioVersion = 10.0.40219.1
Project("{FAE04EC0-301F-11D3-BF4B-00C04F79EFBC}") = "SchoolManagementAPI", "SchoolManagementAPI\SchoolManagementAPI.csproj", "{8ABE32B3-F41D-4B23-938F-CF095D517B41}"
EndProject
Project("{FAE04EC0-301F-11D3-BF4B-00C04F79EFBC}") = "BusinessAccessLayer", "BusinessAccessLayer\BusinessAccessLayer.csproj", "{8015D8A6-23A1-4CCF-A8DE-4F6DCAB3D1C5}"
EndProject
Project("{FAE04EC0-301F-11D3-BF4B-00C04F79EFBC}") = "DataAccessLayer", "DataAccessLayer\DataAccessLayer.csproj", "{4212FEA1-D9A7-459A-89EA-4D084A63E9D1}"
EndProject
Project("{FAE04EC0-301F-11D3-BF4B-00C04F79EFBC}") = "Common", "Common\Common.csproj", "{FA014653-A2BF-464D-BE78-5D471AE373EC}"
EndProject
Project("{FAE04EC0-301F-11D3-BF4B-00C04F79EFBC}") = "Entities", "Entities\Entities.csproj", "{941CDA53-AE54-4E86-9C21-F03BFF3BFAD3}"
EndProject
Global
	GlobalSection(SolutionConfigurationPlatforms) = preSolution
		Debug|Any CPU = Debug|Any CPU
		Release|Any CPU = Release|Any CPU
	EndGlobalSection
	GlobalSection(ProjectConfigurationPlatforms) = postSolution
		{8ABE32B3-F41D-4B23-938F-CF095D517B41}.Debug|Any CPU.ActiveCfg = Debug|Any CPU
		{8ABE32B3-F41D-4B23-938F-CF095D517B41}.Debug|Any CPU.Build.0 = Debug|Any CPU
		{8ABE32B3-F41D-4B23-938F-CF095D517B41}.Release|Any CPU.ActiveCfg = Release|Any CPU
		{8ABE32B3-F41D-4B23-938F-CF095D517B41}.Release|Any CPU.Build.0 = Release|Any CPU
		{8015D8A6-23A1-4CCF-A8DE-4F6DCAB3D1C5}.Debug|Any CPU.ActiveCfg = Debug|Any CPU
		{8015D8A6-23A1-4CCF-A8DE-4F6DCAB3D1C5}.Debug|Any CPU.Build.0 = Debug|Any CPU
		{8015D8A6-23A1-4CCF-A8DE-4F6DCAB3D1C5}.Release|Any CPU.ActiveCfg = Release|Any CPU
		{8015D8A6-23A1-4CCF-A8DE-4F6DCAB3D1C5}.Release|Any CPU.Build.0 = Release|Any CPU
		{4212FEA1-D9A7-459A-89EA-4D084A63E9D1}.Debug|Any CPU.ActiveCfg = Debug|Any CPU
		{4212FEA1-D9A7-459A-89EA-4D084A63E9D1}.Debug|Any CPU.Build.0 = Debug|Any CPU
		{4212FEA1-D9A7-459A-89EA-4D084A63E9D1}.Release|Any CPU.ActiveCfg = Release|Any CPU
		{4212FEA1-D9A7-459A-89EA-4D084A63E9D1}.Release|Any CPU.Build.0 = Release|Any CPU
		{FA014653-A2BF-464D-BE78-5D471AE373EC}.Debug|Any CPU.ActiveCfg = Debug|Any CPU
		{FA014653-A2BF-464D-BE78-5D471AE373EC}.Debug|Any CPU.Build.0 = Debug|Any CPU
		{FA014653-A2BF-464D-BE78-5D471AE373EC}.Release|Any CPU.ActiveCfg = Release|Any CPU
		{FA014653-A2BF-464D-BE78-5D471AE373EC}.Release|Any CPU.Build.0 = Release|Any CPU
		{941CDA53-AE54-4E86-9C21-F03BFF3BFAD3}.Debug|Any CPU.ActiveCfg = Debug|Any CPU
		{941CDA53-AE54-4E86-9C21-F03BFF3BFAD3}.Debug|Any CPU.Build.0 = Debug|Any CPU
		{941CDA53-AE54-4E86-9C21-F03BFF3BFAD3}.Release|Any CPU.ActiveCfg = Release|Any CPU
		{941CDA53-AE54-4E86-9C21-F03BFF3BFAD3}.Release|Any CPU.Build.0 = Release|Any CPU
	EndGlobalSection
	GlobalSection(SolutionProperties) = preSolution
		HideSolutionNode = FALSE
	EndGlobalSection
	GlobalSection(ExtensibilityGlobals) = postSolution
		SolutionGuid = {8BC0503C-91AF-4EA3-9F26-93C5DB138372}
	EndGlobalSection
EndGlobal
